
Microsoft Visual Studio Solution File, Format Version 12.00
# Visual Studio Version 17
VisualStudioVersion = 17.14.36518.9 d17.14
MinimumVisualStudioVersion = 10.0.40219.1
Project("{2150E333-8FDC-42A3-9474-1A3956D46DE8}") = "Task0", "Task0", "{02EA681E-C7D8-13C7-8484-4AC65E1B71E8}"
EndProject
Project("{FAE04EC0-301F-11D3-BF4B-00C04F79EFBC}") = "Tyuiu.KozhevnikovYV.Sprint3.Task0.V6", "Tyuiu.KozhevnikovYV.Sprint3.Task0.V6\Tyuiu.KozhevnikovYV.Sprint3.Task0.V6.csproj", "{1B7EE626-BC15-40A4-A1ED-DEE775980588}"
EndProject
Project("{FAE04EC0-301F-11D3-BF4B-00C04F79EFBC}") = "Tyuiu.KozhevnikovYV.Sprint3.Task0.V6.Lib", "Tyuiu.KozhevnikovYV.Sprint3.Task0.V6.Lib\Tyuiu.KozhevnikovYV.Sprint3.Task0.V6.Lib.csproj", "{AB6FCBD7-A4FA-479B-8B95-B1C2F7D2F34E}"
EndProject
Project("{FAE04EC0-301F-11D3-BF4B-00C04F79EFBC}") = "Tyuiu.KozhevnikovYV.Sprint3.Task0.V6.Test", "Tyuiu.KozhevnikovYV.Sprint3.Task0.V6.Test\Tyuiu.KozhevnikovYV.Sprint3.Task0.V6.Test.csproj", "{A0B731EA-3936-4C32-9D78-A96C4E55F1F1}"
EndProject
Project("{2150E333-8FDC-42A3-9474-1A3956D46DE8}") = "Task1", "Task1", "{51129026-E996-4836-BF78-3AB3137C4DA9}"
EndProject
Project("{FAE04EC0-301F-11D3-BF4B-00C04F79EFBC}") = "Tyuiu.KozhevnikovYV.Sprint3.Task1.V7", "Tyuiu.KozhevnikovYV.Sprint3.Task1.V7\Tyuiu.KozhevnikovYV.Sprint3.Task1.V7.csproj", "{7B03B396-CC25-455A-B2DB-6C9436D358F7}"
EndProject
Project("{FAE04EC0-301F-11D3-BF4B-00C04F79EFBC}") = "Tyuiu.KozhevnikovYV.Sprint3.Task1.V7.Lib", "Tyuiu.KozhevnikovYV.Sprint3.Task1.V7.Lib\Tyuiu.KozhevnikovYV.Sprint3.Task1.V7.Lib.csproj", "{E4EB2BE0-26B2-41A3-8D94-7FABE68B8FD3}"
EndProject
Project("{FAE04EC0-301F-11D3-BF4B-00C04F79EFBC}") = "Tyuiu.KozhevnikovYV.Sprint3.Task1.V7.Test", "Tyuiu.KozhevnikovYV.Sprint3.Task1.V7.Test\Tyuiu.KozhevnikovYV.Sprint3.Task1.V7.Test.csproj", "{9381A8E5-20A9-41B7-B499-44E32DC3C174}"
EndProject
Project("{2150E333-8FDC-42A3-9474-1A3956D46DE8}") = "Task2", "Task2", "{3CD4E9E5-308F-43EA-A184-2C092298DDF0}"
EndProject
Project("{FAE04EC0-301F-11D3-BF4B-00C04F79EFBC}") = "Tyuiu.KozhevnikovYV.Sprint3.Task2.V1", "Tyuiu.KozhevnikovYV.Sprint3.Task2.V1\Tyuiu.KozhevnikovYV.Sprint3.Task2.V1.csproj", "{4A341908-E443-4B85-974B-EF956DF66511}"
EndProject
Project("{FAE04EC0-301F-11D3-BF4B-00C04F79EFBC}") = "Tyuiu.KozhevnikovYV.Sprint3.Task2.V1.Lib", "Tyuiu.KozhevnikovYV.Sprint3.Task2.V1.Lib\Tyuiu.KozhevnikovYV.Sprint3.Task2.V1.Lib.csproj", "{EF929727-4CA0-4E91-A631-2B829603446C}"
EndProject
Project("{FAE04EC0-301F-11D3-BF4B-00C04F79EFBC}") = "Tyuiu.KozhevnikovYV.Sprint3.Task2.V1.Test", "Tyuiu.KozhevnikovYV.Sprint3.Task2.V1.Test\Tyuiu.KozhevnikovYV.Sprint3.Task2.V1.Test.csproj", "{6E63DF02-82EC-40FD-8B5A-3A0F0D544F12}"
EndProject
Project("{2150E333-8FDC-42A3-9474-1A3956D46DE8}") = "Task3", "Task3", "{584EB8E7-E2C5-43D8-B3AA-A3BA2909708D}"
EndProject
Project("{FAE04EC0-301F-11D3-BF4B-00C04F79EFBC}") = "Tyuiu.KozhevnikovYV.Sprint3.Task3.V2", "Tyuiu.KozhevnikovYV.Sprint3.Task3.V2\Tyuiu.KozhevnikovYV.Sprint3.Task3.V2.csproj", "{F6024125-D284-4E86-9EB0-A6060C11105F}"
EndProject
Project("{FAE04EC0-301F-11D3-BF4B-00C04F79EFBC}") = "Tyuiu.KozhevnikovYV.Sprint3.Task3.V2.Lib", "Tyuiu.KozhevnikovYV.Sprint3.Task3.V2.Lib\Tyuiu.KozhevnikovYV.Sprint3.Task3.V2.Lib.csproj", "{4B84B36E-A77E-414B-9A7B-B60DFC331EDD}"
EndProject
Project("{FAE04EC0-301F-11D3-BF4B-00C04F79EFBC}") = "Tyuiu.KozhevnikovYV.Sprint3.Task3.V2.Test", "Tyuiu.KozhevnikovYV.Sprint3.Task3.V2.Test\Tyuiu.KozhevnikovYV.Sprint3.Task3.V2.Test.csproj", "{D6F4DDF8-87C5-45F4-8857-6D8A9E8D83CE}"
EndProject
Project("{2150E333-8FDC-42A3-9474-1A3956D46DE8}") = "Task4", "Task4", "{167DD316-3752-423B-A628-D1FE2939A4B1}"
EndProject
Project("{FAE04EC0-301F-11D3-BF4B-00C04F79EFBC}") = "Tyuiu.KozhevnikovYV.Sprint3.Task4.V26", "Tyuiu.KozhevnikovYV.Sprint3.Task4.V26\Tyuiu.KozhevnikovYV.Sprint3.Task4.V26.csproj", "{D1AFD10F-37B0-4519-8375-B7A15245A969}"
EndProject
Project("{FAE04EC0-301F-11D3-BF4B-00C04F79EFBC}") = "Tyuiu.KozhevnikovYV.Sprint3.Task4.V26.Lib", "Tyuiu.KozhevnikovYV.Sprint3.Task4.V26.Lib\Tyuiu.KozhevnikovYV.Sprint3.Task4.V26.Lib.csproj", "{A410C4AF-4845-4A98-97A7-DB99E261FFEF}"
EndProject
Project("{FAE04EC0-301F-11D3-BF4B-00C04F79EFBC}") = "Tyuiu.KozhevnikovYV.Sprint3.Task4.V26.Test", "Tyuiu.KozhevnikovYV.Sprint3.Task4.V26.Test\Tyuiu.KozhevnikovYV.Sprint3.Task4.V26.Test.csproj", "{0E682630-5876-4883-8BDA-7E6BF4E2DDC5}"
EndProject
Project("{2150E333-8FDC-42A3-9474-1A3956D46DE8}") = "Task5", "Task5", "{072B00D4-14D1-42E8-AC7A-434DB4D2ED2D}"
EndProject
Project("{FAE04EC0-301F-11D3-BF4B-00C04F79EFBC}") = "Tyuiu.KozhevnikovYV.Sprint3.Task5.V22", "Tyuiu.KozhevnikovYV.Sprint3.Task5.V22\Tyuiu.KozhevnikovYV.Sprint3.Task5.V22.csproj", "{9D97853F-4184-4CFA-B553-CACB2D1E0D50}"
EndProject
Project("{FAE04EC0-301F-11D3-BF4B-00C04F79EFBC}") = "Tyuiu.KozhevnikovYV.Sprint3.Task5.V22.Lib", "Tyuiu.KozhevnikovYV.Sprint3.Task5.V22.Lib\Tyuiu.KozhevnikovYV.Sprint3.Task5.V22.Lib.csproj", "{5FFD8F96-5C0B-46AF-9D0B-31FB530DB7F7}"
EndProject
Project("{FAE04EC0-301F-11D3-BF4B-00C04F79EFBC}") = "Tyuiu.KozhevnikovYV.Sprint3.Task5.V22.Test", "Tyuiu.KozhevnikovYV.Sprint3.Task5.V22.Test\Tyuiu.KozhevnikovYV.Sprint3.Task5.V22.Test.csproj", "{68E3E06C-73FD-467C-932C-E79506F410B2}"
EndProject
Project("{2150E333-8FDC-42A3-9474-1A3956D46DE8}") = "Task6", "Task6", "{D48BA197-A46D-4A59-A539-30D5F5952601}"
EndProject
Project("{FAE04EC0-301F-11D3-BF4B-00C04F79EFBC}") = "Tyuiu.KozhevnikovYV.Sprint3.Task6.V7", "Tyuiu.KozhevnikovYV.Sprint3.Task6.V7\Tyuiu.KozhevnikovYV.Sprint3.Task6.V7.csproj", "{0435B378-0F25-481A-AB78-E49CBA85F111}"
EndProject
Project("{FAE04EC0-301F-11D3-BF4B-00C04F79EFBC}") = "Tyuiu.KozhevnikovYV.Sprint3.Task6.V7.Lib", "Tyuiu.KozhevnikovYV.Sprint3.Task6.V7.Lib\Tyuiu.KozhevnikovYV.Sprint3.Task6.V7.Lib.csproj", "{9B9481FB-29C5-4361-9162-E0712A8AB803}"
EndProject
Project("{FAE04EC0-301F-11D3-BF4B-00C04F79EFBC}") = "Tyuiu.KozhevnikovYV.Sprint3.Task6.V7.Test", "Tyuiu.KozhevnikovYV.Sprint3.Task6.V7.Test\Tyuiu.KozhevnikovYV.Sprint3.Task6.V7.Test.csproj", "{3FCEE189-2078-4C18-A19C-AEBB17660284}"
EndProject
Project("{2150E333-8FDC-42A3-9474-1A3956D46DE8}") = "Task7", "Task7", "{35FEF56F-931B-4713-AE62-596EC2FB4558}"
EndProject
Project("{FAE04EC0-301F-11D3-BF4B-00C04F79EFBC}") = "Tyuiu.KozhevnikovYV.Sprint3.Task7.V8", "Tyuiu.KozhevnikovYV.Sprint3.Task7.V8\Tyuiu.KozhevnikovYV.Sprint3.Task7.V8.csproj", "{EBC14B1A-E202-43D7-8396-4111DC47BD2A}"
EndProject
Project("{FAE04EC0-301F-11D3-BF4B-00C04F79EFBC}") = "Tyuiu.KozhevnikovYV.Sprint3.Task7.V8.Lib", "Tyuiu.KozhevnikovYV.Sprint3.Task7.V8.Lib\Tyuiu.KozhevnikovYV.Sprint3.Task7.V8.Lib.csproj", "{5F8EB967-3E23-4B5B-A664-A357BE184837}"
EndProject
Project("{FAE04EC0-301F-11D3-BF4B-00C04F79EFBC}") = "Tyuiu.KozhevnikovYV.Sprint3.Task7.V8.Test", "Tyuiu.KozhevnikovYV.Sprint3.Task7.V8.Test\Tyuiu.KozhevnikovYV.Sprint3.Task7.V8.Test.csproj", "{CE7A4355-F34F-49F6-BB84-640CA3FE50A2}"
EndProject
Global
	GlobalSection(SolutionConfigurationPlatforms) = preSolution
		Debug|Any CPU = Debug|Any CPU
		Release|Any CPU = Release|Any CPU
	EndGlobalSection
	GlobalSection(ProjectConfigurationPlatforms) = postSolution
		{1B7EE626-BC15-40A4-A1ED-DEE775980588}.Debug|Any CPU.ActiveCfg = Debug|Any CPU
		{1B7EE626-BC15-40A4-A1ED-DEE775980588}.Debug|Any CPU.Build.0 = Debug|Any CPU
		{1B7EE626-BC15-40A4-A1ED-DEE775980588}.Release|Any CPU.ActiveCfg = Release|Any CPU
		{1B7EE626-BC15-40A4-A1ED-DEE775980588}.Release|Any CPU.Build.0 = Release|Any CPU
		{AB6FCBD7-A4FA-479B-8B95-B1C2F7D2F34E}.Debug|Any CPU.ActiveCfg = Debug|Any CPU
		{AB6FCBD7-A4FA-479B-8B95-B1C2F7D2F34E}.Debug|Any CPU.Build.0 = Debug|Any CPU
		{AB6FCBD7-A4FA-479B-8B95-B1C2F7D2F34E}.Release|Any CPU.ActiveCfg = Release|Any CPU
		{AB6FCBD7-A4FA-479B-8B95-B1C2F7D2F34E}.Release|Any CPU.Build.0 = Release|Any CPU
		{A0B731EA-3936-4C32-9D78-A96C4E55F1F1}.Debug|Any CPU.ActiveCfg = Debug|Any CPU
		{A0B731EA-3936-4C32-9D78-A96C4E55F1F1}.Debug|Any CPU.Build.0 = Debug|Any CPU
		{A0B731EA-3936-4C32-9D78-A96C4E55F1F1}.Release|Any CPU.ActiveCfg = Release|Any CPU
		{A0B731EA-3936-4C32-9D78-A96C4E55F1F1}.Release|Any CPU.Build.0 = Release|Any CPU
		{7B03B396-CC25-455A-B2DB-6C9436D358F7}.Debug|Any CPU.ActiveCfg = Debug|Any CPU
		{7B03B396-CC25-455A-B2DB-6C9436D358F7}.Debug|Any CPU.Build.0 = Debug|Any CPU
		{7B03B396-CC25-455A-B2DB-6C9436D358F7}.Release|Any CPU.ActiveCfg = Release|Any CPU
		{7B03B396-CC25-455A-B2DB-6C9436D358F7}.Release|Any CPU.Build.0 = Release|Any CPU
		{E4EB2BE0-26B2-41A3-8D94-7FABE68B8FD3}.Debug|Any CPU.ActiveCfg = Debug|Any CPU
		{E4EB2BE0-26B2-41A3-8D94-7FABE68B8FD3}.Debug|Any CPU.Build.0 = Debug|Any CPU
		{E4EB2BE0-26B2-41A3-8D94-7FABE68B8FD3}.Release|Any CPU.ActiveCfg = Release|Any CPU
		{E4EB2BE0-26B2-41A3-8D94-7FABE68B8FD3}.Release|Any CPU.Build.0 = Release|Any CPU
		{9381A8E5-20A9-41B7-B499-44E32DC3C174}.Debug|Any CPU.ActiveCfg = Debug|Any CPU
		{9381A8E5-20A9-41B7-B499-44E32DC3C174}.Debug|Any CPU.Build.0 = Debug|Any CPU
		{9381A8E5-20A9-41B7-B499-44E32DC3C174}.Release|Any CPU.ActiveCfg = Release|Any CPU
		{9381A8E5-20A9-41B7-B499-44E32DC3C174}.Release|Any CPU.Build.0 = Release|Any CPU
		{4A341908-E443-4B85-974B-EF956DF66511}.Debug|Any CPU.ActiveCfg = Debug|Any CPU
		{4A341908-E443-4B85-974B-EF956DF66511}.Debug|Any CPU.Build.0 = Debug|Any CPU
		{4A341908-E443-4B85-974B-EF956DF66511}.Release|Any CPU.ActiveCfg = Release|Any CPU
		{4A341908-E443-4B85-974B-EF956DF66511}.Release|Any CPU.Build.0 = Release|Any CPU
		{EF929727-4CA0-4E91-A631-2B829603446C}.Debug|Any CPU.ActiveCfg = Debug|Any CPU
		{EF929727-4CA0-4E91-A631-2B829603446C}.Debug|Any CPU.Build.0 = Debug|Any CPU
		{EF929727-4CA0-4E91-A631-2B829603446C}.Release|Any CPU.ActiveCfg = Release|Any CPU
		{EF929727-4CA0-4E91-A631-2B829603446C}.Release|Any CPU.Build.0 = Release|Any CPU
		{6E63DF02-82EC-40FD-8B5A-3A0F0D544F12}.Debug|Any CPU.ActiveCfg = Debug|Any CPU
		{6E63DF02-82EC-40FD-8B5A-3A0F0D544F12}.Debug|Any CPU.Build.0 = Debug|Any CPU
		{6E63DF02-82EC-40FD-8B5A-3A0F0D544F12}.Release|Any CPU.ActiveCfg = Release|Any CPU
		{6E63DF02-82EC-40FD-8B5A-3A0F0D544F12}.Release|Any CPU.Build.0 = Release|Any CPU
		{F6024125-D284-4E86-9EB0-A6060C11105F}.Debug|Any CPU.ActiveCfg = Debug|Any CPU
		{F6024125-D284-4E86-9EB0-A6060C11105F}.Debug|Any CPU.Build.0 = Debug|Any CPU
		{F6024125-D284-4E86-9EB0-A6060C11105F}.Release|Any CPU.ActiveCfg = Release|Any CPU
		{F6024125-D284-4E86-9EB0-A6060C11105F}.Release|Any CPU.Build.0 = Release|Any CPU
		{4B84B36E-A77E-414B-9A7B-B60DFC331EDD}.Debug|Any CPU.ActiveCfg = Debug|Any CPU
		{4B84B36E-A77E-414B-9A7B-B60DFC331EDD}.Debug|Any CPU.Build.0 = Debug|Any CPU
		{4B84B36E-A77E-414B-9A7B-B60DFC331EDD}.Release|Any CPU.ActiveCfg = Release|Any CPU
		{4B84B36E-A77E-414B-9A7B-B60DFC331EDD}.Release|Any CPU.Build.0 = Release|Any CPU
		{D6F4DDF8-87C5-45F4-8857-6D8A9E8D83CE}.Debug|Any CPU.ActiveCfg = Debug|Any CPU
		{D6F4DDF8-87C5-45F4-8857-6D8A9E8D83CE}.Debug|Any CPU.Build.0 = Debug|Any CPU
		{D6F4DDF8-87C5-45F4-8857-6D8A9E8D83CE}.Release|Any CPU.ActiveCfg = Release|Any CPU
		{D6F4DDF8-87C5-45F4-8857-6D8A9E8D83CE}.Release|Any CPU.Build.0 = Release|Any CPU
		{D1AFD10F-37B0-4519-8375-B7A15245A969}.Debug|Any CPU.ActiveCfg = Debug|Any CPU
		{D1AFD10F-37B0-4519-8375-B7A15245A969}.Debug|Any CPU.Build.0 = Debug|Any CPU
		{D1AFD10F-37B0-4519-8375-B7A15245A969}.Release|Any CPU.ActiveCfg = Release|Any CPU
		{D1AFD10F-37B0-4519-8375-B7A15245A969}.Release|Any CPU.Build.0 = Release|Any CPU
		{A410C4AF-4845-4A98-97A7-DB99E261FFEF}.Debug|Any CPU.ActiveCfg = Debug|Any CPU
		{A410C4AF-4845-4A98-97A7-DB99E261FFEF}.Debug|Any CPU.Build.0 = Debug|Any CPU
		{A410C4AF-4845-4A98-97A7-DB99E261FFEF}.Release|Any CPU.ActiveCfg = Release|Any CPU
		{A410C4AF-4845-4A98-97A7-DB99E261FFEF}.Release|Any CPU.Build.0 = Release|Any CPU
		{0E682630-5876-4883-8BDA-7E6BF4E2DDC5}.Debug|Any CPU.ActiveCfg = Debug|Any CPU
		{0E682630-5876-4883-8BDA-7E6BF4E2DDC5}.Debug|Any CPU.Build.0 = Debug|Any CPU
		{0E682630-5876-4883-8BDA-7E6BF4E2DDC5}.Release|Any CPU.ActiveCfg = Release|Any CPU
		{0E682630-5876-4883-8BDA-7E6BF4E2DDC5}.Release|Any CPU.Build.0 = Release|Any CPU
		{9D97853F-4184-4CFA-B553-CACB2D1E0D50}.Debug|Any CPU.ActiveCfg = Debug|Any CPU
		{9D97853F-4184-4CFA-B553-CACB2D1E0D50}.Debug|Any CPU.Build.0 = Debug|Any CPU
		{9D97853F-4184-4CFA-B553-CACB2D1E0D50}.Release|Any CPU.ActiveCfg = Release|Any CPU
		{9D97853F-4184-4CFA-B553-CACB2D1E0D50}.Release|Any CPU.Build.0 = Release|Any CPU
		{5FFD8F96-5C0B-46AF-9D0B-31FB530DB7F7}.Debug|Any CPU.ActiveCfg = Debug|Any CPU
		{5FFD8F96-5C0B-46AF-9D0B-31FB530DB7F7}.Debug|Any CPU.Build.0 = Debug|Any CPU
		{5FFD8F96-5C0B-46AF-9D0B-31FB530DB7F7}.Release|Any CPU.ActiveCfg = Release|Any CPU
		{5FFD8F96-5C0B-46AF-9D0B-31FB530DB7F7}.Release|Any CPU.Build.0 = Release|Any CPU
		{68E3E06C-73FD-467C-932C-E79506F410B2}.Debug|Any CPU.ActiveCfg = Debug|Any CPU
		{68E3E06C-73FD-467C-932C-E79506F410B2}.Debug|Any CPU.Build.0 = Debug|Any CPU
		{68E3E06C-73FD-467C-932C-E79506F410B2}.Release|Any CPU.ActiveCfg = Release|Any CPU
		{68E3E06C-73FD-467C-932C-E79506F410B2}.Release|Any CPU.Build.0 = Release|Any CPU
		{0435B378-0F25-481A-AB78-E49CBA85F111}.Debug|Any CPU.ActiveCfg = Debug|Any CPU
		{0435B378-0F25-481A-AB78-E49CBA85F111}.Debug|Any CPU.Build.0 = Debug|Any CPU
		{0435B378-0F25-481A-AB78-E49CBA85F111}.Release|Any CPU.ActiveCfg = Release|Any CPU
		{0435B378-0F25-481A-AB78-E49CBA85F111}.Release|Any CPU.Build.0 = Release|Any CPU
		{9B9481FB-29C5-4361-9162-E0712A8AB803}.Debug|Any CPU.ActiveCfg = Debug|Any CPU
		{9B9481FB-29C5-4361-9162-E0712A8AB803}.Debug|Any CPU.Build.0 = Debug|Any CPU
		{9B9481FB-29C5-4361-9162-E0712A8AB803}.Release|Any CPU.ActiveCfg = Release|Any CPU
		{9B9481FB-29C5-4361-9162-E0712A8AB803}.Release|Any CPU.Build.0 = Release|Any CPU
		{3FCEE189-2078-4C18-A19C-AEBB17660284}.Debug|Any CPU.ActiveCfg = Debug|Any CPU
		{3FCEE189-2078-4C18-A19C-AEBB17660284}.Debug|Any CPU.Build.0 = Debug|Any CPU
		{3FCEE189-2078-4C18-A19C-AEBB17660284}.Release|Any CPU.ActiveCfg = Release|Any CPU
		{3FCEE189-2078-4C18-A19C-AEBB17660284}.Release|Any CPU.Build.0 = Release|Any CPU
		{EBC14B1A-E202-43D7-8396-4111DC47BD2A}.Debug|Any CPU.ActiveCfg = Debug|Any CPU
		{EBC14B1A-E202-43D7-8396-4111DC47BD2A}.Debug|Any CPU.Build.0 = Debug|Any CPU
		{EBC14B1A-E202-43D7-8396-4111DC47BD2A}.Release|Any CPU.ActiveCfg = Release|Any CPU
		{EBC14B1A-E202-43D7-8396-4111DC47BD2A}.Release|Any CPU.Build.0 = Release|Any CPU
		{5F8EB967-3E23-4B5B-A664-A357BE184837}.Debug|Any CPU.ActiveCfg = Debug|Any CPU
		{5F8EB967-3E23-4B5B-A664-A357BE184837}.Debug|Any CPU.Build.0 = Debug|Any CPU
		{5F8EB967-3E23-4B5B-A664-A357BE184837}.Release|Any CPU.ActiveCfg = Release|Any CPU
		{5F8EB967-3E23-4B5B-A664-A357BE184837}.Release|Any CPU.Build.0 = Release|Any CPU
		{CE7A4355-F34F-49F6-BB84-640CA3FE50A2}.Debug|Any CPU.ActiveCfg = Debug|Any CPU
		{CE7A4355-F34F-49F6-BB84-640CA3FE50A2}.Debug|Any CPU.Build.0 = Debug|Any CPU
		{CE7A4355-F34F-49F6-BB84-640CA3FE50A2}.Release|Any CPU.ActiveCfg = Release|Any CPU
		{CE7A4355-F34F-49F6-BB84-640CA3FE50A2}.Release|Any CPU.Build.0 = Release|Any CPU
	EndGlobalSection
	GlobalSection(SolutionProperties) = preSolution
		HideSolutionNode = FALSE
	EndGlobalSection
	GlobalSection(NestedProjects) = preSolution
		{1B7EE626-BC15-40A4-A1ED-DEE775980588} = {02EA681E-C7D8-13C7-8484-4AC65E1B71E8}
		{AB6FCBD7-A4FA-479B-8B95-B1C2F7D2F34E} = {02EA681E-C7D8-13C7-8484-4AC65E1B71E8}
		{A0B731EA-3936-4C32-9D78-A96C4E55F1F1} = {02EA681E-C7D8-13C7-8484-4AC65E1B71E8}
		{7B03B396-CC25-455A-B2DB-6C9436D358F7} = {51129026-E996-4836-BF78-3AB3137C4DA9}
		{E4EB2BE0-26B2-41A3-8D94-7FABE68B8FD3} = {51129026-E996-4836-BF78-3AB3137C4DA9}
		{9381A8E5-20A9-41B7-B499-44E32DC3C174} = {51129026-E996-4836-BF78-3AB3137C4DA9}
		{4A341908-E443-4B85-974B-EF956DF66511} = {3CD4E9E5-308F-43EA-A184-2C092298DDF0}
		{EF929727-4CA0-4E91-A631-2B829603446C} = {3CD4E9E5-308F-43EA-A184-2C092298DDF0}
		{6E63DF02-82EC-40FD-8B5A-3A0F0D544F12} = {3CD4E9E5-308F-43EA-A184-2C092298DDF0}
		{F6024125-D284-4E86-9EB0-A6060C11105F} = {584EB8E7-E2C5-43D8-B3AA-A3BA2909708D}
		{4B84B36E-A77E-414B-9A7B-B60DFC331EDD} = {584EB8E7-E2C5-43D8-B3AA-A3BA2909708D}
		{D6F4DDF8-87C5-45F4-8857-6D8A9E8D83CE} = {584EB8E7-E2C5-43D8-B3AA-A3BA2909708D}
		{D1AFD10F-37B0-4519-8375-B7A15245A969} = {167DD316-3752-423B-A628-D1FE2939A4B1}
		{A410C4AF-4845-4A98-97A7-DB99E261FFEF} = {167DD316-3752-423B-A628-D1FE2939A4B1}
		{0E682630-5876-4883-8BDA-7E6BF4E2DDC5} = {167DD316-3752-423B-A628-D1FE2939A4B1}
		{9D97853F-4184-4CFA-B553-CACB2D1E0D50} = {072B00D4-14D1-42E8-AC7A-434DB4D2ED2D}
		{5FFD8F96-5C0B-46AF-9D0B-31FB530DB7F7} = {072B00D4-14D1-42E8-AC7A-434DB4D2ED2D}
		{68E3E06C-73FD-467C-932C-E79506F410B2} = {072B00D4-14D1-42E8-AC7A-434DB4D2ED2D}
		{0435B378-0F25-481A-AB78-E49CBA85F111} = {D48BA197-A46D-4A59-A539-30D5F5952601}
		{9B9481FB-29C5-4361-9162-E0712A8AB803} = {D48BA197-A46D-4A59-A539-30D5F5952601}
		{3FCEE189-2078-4C18-A19C-AEBB17660284} = {D48BA197-A46D-4A59-A539-30D5F5952601}
		{EBC14B1A-E202-43D7-8396-4111DC47BD2A} = {35FEF56F-931B-4713-AE62-596EC2FB4558}
		{5F8EB967-3E23-4B5B-A664-A357BE184837} = {35FEF56F-931B-4713-AE62-596EC2FB4558}
		{CE7A4355-F34F-49F6-BB84-640CA3FE50A2} = {35FEF56F-931B-4713-AE62-596EC2FB4558}
	EndGlobalSection
	GlobalSection(ExtensibilityGlobals) = postSolution
		SolutionGuid = {2CDFC6CB-5737-48CF-8814-3F2C9E6A4D83}
	EndGlobalSection
EndGlobal
